
Microsoft Visual Studio Solution File, Format Version 12.00
# Visual Studio Version 17
VisualStudioVersion = 17.0.32014.148
MinimumVisualStudioVersion = 10.0.40219.1
Project("{FAE04EC0-301F-11D3-BF4B-00C04F79EFBC}") = "Olympiada_1", "Olympiada_1\Olympiada_1.csproj", "{3791F2C2-5EC7-421D-AFB3-5694B3AC514E}"
EndProject
Global
	GlobalSection(SolutionConfigurationPlatforms) = preSolution
		Debug|Any CPU = Debug|Any CPU
		Release|Any CPU = Release|Any CPU
	EndGlobalSection
	GlobalSection(ProjectConfigurationPlatforms) = postSolution
		{3791F2C2-5EC7-421D-AFB3-5694B3AC514E}.Debug|Any CPU.ActiveCfg = Debug|Any CPU
		{3791F2C2-5EC7-421D-AFB3-5694B3AC514E}.Debug|Any CPU.Build.0 = Debug|Any CPU
		{3791F2C2-5EC7-421D-AFB3-5694B3AC514E}.Release|Any CPU.ActiveCfg = Release|Any CPU
		{3791F2C2-5EC7-421D-AFB3-5694B3AC514E}.Release|Any CPU.Build.0 = Release|Any CPU
	EndGlobalSection
	GlobalSection(SolutionProperties) = preSolution
		HideSolutionNode = FALSE
	EndGlobalSection
	GlobalSection(ExtensibilityGlobals) = postSolution
		SolutionGuid = {D39AEEB8-0058-40AF-999F-AC63FBE0C62C}
	EndGlobalSection
EndGlobal
